
Microsoft Visual Studio Solution File, Format Version 12.00
# Visual Studio Version 16
VisualStudioVersion = 16.0.29503.13
MinimumVisualStudioVersion = 10.0.40219.1
Project("{9A19103F-16F7-4668-BE54-9A1E7A4F7556}") = "MotoWebShop", "MotoWebShop\MotoWebShop.csproj", "{55FBA96A-2E1F-4452-AD9E-0A82289A2E50}"
EndProject
Project("{FAE04EC0-301F-11D3-BF4B-00C04F79EFBC}") = "MotoWebShop.MobileApp.Android", "MotoWebShop.MobileApp\MotoWebShop.MobileApp.Android\MotoWebShop.MobileApp.Android.csproj", "{5312685A-102C-4359-B1B7-9BF217F1AA53}"
EndProject
Project("{9A19103F-16F7-4668-BE54-9A1E7A4F7556}") = "MotoWebShop.MobileApp", "MotoWebShop.MobileApp\MotoWebShop.MobileApp\MotoWebShop.MobileApp.csproj", "{BF5FBF4B-8908-4465-9AA8-667222165A7B}"
EndProject
Project("{FAE04EC0-301F-11D3-BF4B-00C04F79EFBC}") = "MotoWebShop.Common", "MotoWebShop.Common\MotoWebShop.Common.csproj", "{FC5E42C2-5B09-436F-8C76-BE93D9BAB6A2}"
EndProject
Global
	GlobalSection(SolutionConfigurationPlatforms) = preSolution
		Debug|Any CPU = Debug|Any CPU
		Release|Any CPU = Release|Any CPU
	EndGlobalSection
	GlobalSection(ProjectConfigurationPlatforms) = postSolution
		{55FBA96A-2E1F-4452-AD9E-0A82289A2E50}.Debug|Any CPU.ActiveCfg = Debug|Any CPU
		{55FBA96A-2E1F-4452-AD9E-0A82289A2E50}.Debug|Any CPU.Build.0 = Debug|Any CPU
		{55FBA96A-2E1F-4452-AD9E-0A82289A2E50}.Release|Any CPU.ActiveCfg = Release|Any CPU
		{55FBA96A-2E1F-4452-AD9E-0A82289A2E50}.Release|Any CPU.Build.0 = Release|Any CPU
		{5312685A-102C-4359-B1B7-9BF217F1AA53}.Debug|Any CPU.ActiveCfg = Debug|Any CPU
		{5312685A-102C-4359-B1B7-9BF217F1AA53}.Debug|Any CPU.Build.0 = Debug|Any CPU
		{5312685A-102C-4359-B1B7-9BF217F1AA53}.Debug|Any CPU.Deploy.0 = Debug|Any CPU
		{5312685A-102C-4359-B1B7-9BF217F1AA53}.Release|Any CPU.ActiveCfg = Release|Any CPU
		{5312685A-102C-4359-B1B7-9BF217F1AA53}.Release|Any CPU.Build.0 = Release|Any CPU
		{5312685A-102C-4359-B1B7-9BF217F1AA53}.Release|Any CPU.Deploy.0 = Release|Any CPU
		{BF5FBF4B-8908-4465-9AA8-667222165A7B}.Debug|Any CPU.ActiveCfg = Debug|Any CPU
		{BF5FBF4B-8908-4465-9AA8-667222165A7B}.Debug|Any CPU.Build.0 = Debug|Any CPU
		{BF5FBF4B-8908-4465-9AA8-667222165A7B}.Release|Any CPU.ActiveCfg = Release|Any CPU
		{BF5FBF4B-8908-4465-9AA8-667222165A7B}.Release|Any CPU.Build.0 = Release|Any CPU
		{FC5E42C2-5B09-436F-8C76-BE93D9BAB6A2}.Debug|Any CPU.ActiveCfg = Debug|Any CPU
		{FC5E42C2-5B09-436F-8C76-BE93D9BAB6A2}.Debug|Any CPU.Build.0 = Debug|Any CPU
		{FC5E42C2-5B09-436F-8C76-BE93D9BAB6A2}.Release|Any CPU.ActiveCfg = Release|Any CPU
		{FC5E42C2-5B09-436F-8C76-BE93D9BAB6A2}.Release|Any CPU.Build.0 = Release|Any CPU
	EndGlobalSection
	GlobalSection(SolutionProperties) = preSolution
		HideSolutionNode = FALSE
	EndGlobalSection
	GlobalSection(ExtensibilityGlobals) = postSolution
		SolutionGuid = {506669D4-7427-4B1F-987B-35CA03B12D31}
	EndGlobalSection
EndGlobal
